
Microsoft Visual Studio Solution File, Format Version 12.00
# Visual Studio 14
VisualStudioVersion = 14.0.25420.1
MinimumVisualStudioVersion = 10.0.40219.1
Project("{888888A0-9F3D-457C-B088-3A5042F75D52}") = "bt49", "src\bt49_com\bt49.pyproj", "{97991730-2998-478C-8E24-DF4BC6C8F211}"
EndProject
Project("{888888A0-9F3D-457C-B088-3A5042F75D52}") = "booking", "src\booking_com\booking.pyproj", "{02363E45-D132-4F80-8412-0BACB29B7ECE}"
EndProject
Global
	GlobalSection(SolutionConfigurationPlatforms) = preSolution
		Debug|Any CPU = Debug|Any CPU
		Release|Any CPU = Release|Any CPU
	EndGlobalSection
	GlobalSection(ProjectConfigurationPlatforms) = postSolution
		{97991730-2998-478C-8E24-DF4BC6C8F211}.Debug|Any CPU.ActiveCfg = Debug|Any CPU
		{97991730-2998-478C-8E24-DF4BC6C8F211}.Release|Any CPU.ActiveCfg = Release|Any CPU
		{02363E45-D132-4F80-8412-0BACB29B7ECE}.Debug|Any CPU.ActiveCfg = Debug|Any CPU
		{02363E45-D132-4F80-8412-0BACB29B7ECE}.Release|Any CPU.ActiveCfg = Release|Any CPU
	EndGlobalSection
	GlobalSection(SolutionProperties) = preSolution
		HideSolutionNode = FALSE
	EndGlobalSection
EndGlobal
